{
  "nodes": {
    "emacs-overlay": {
      "locked": {
        "lastModified": 1609403229,
        "narHash": "sha256-2hy8gCQCDCsm/6n/cQ/B2fYv4Vn/otNGj6B924Aq/5E=",
        "owner": "nix-community",
        "repo": "emacs-overlay",
        "rev": "3b8c5bbdede37fc931e6e62f2bbbe9f75fe8e003",
        "type": "github"
      },
      "original": {
        "owner": "nix-community",
        "repo": "emacs-overlay",
        "type": "github"
      }
    },
    "home-manager": {
      "inputs": {
        "nixpkgs": [
          "nixpkgs"
        ]
      },
      "locked": {
        "lastModified": 1609372195,
        "narHash": "sha256-e5dLzxFv3t2TDYHsOnfatSdMVSdKxrnd9zBtPNWIr90=",
        "owner": "nix-community",
        "repo": "home-manager",
        "rev": "118b36bf454556f93acc0bde526e8c85858f6e3b",
        "type": "github"
      },
      "original": {
        "owner": "nix-community",
        "ref": "master",
        "repo": "home-manager",
        "type": "github"
      }
    },
    "nixos-hardware": {
      "locked": {
        "lastModified": 1608918390,
        "narHash": "sha256-Ztx7egQQyF4RtWFKaZiytvZF1Yzk4R2GZ7c5r1/JjPw=",
        "owner": "nixos",
        "repo": "nixos-hardware",
        "rev": "c242378e63b0ec334e964ac0c0fbbdd2b3e89ebf",
        "type": "github"
      },
      "original": {
        "owner": "nixos",
        "repo": "nixos-hardware",
        "type": "github"
      }
    },
    "nixpkgs": {
      "locked": {
        "lastModified": 1609403996,
        "narHash": "sha256-c+R241hlsBoU7pQT3f5PJ5io4/LeV7U9zISmKZqCenc=",
        "owner": "NixOS",
        "repo": "nixpkgs",
        "rev": "3d2ffa3dbf8782158283a674c6fa03ffff78b019",
        "type": "github"
      },
      "original": {
        "id": "nixpkgs",
        "ref": "master",
        "type": "indirect"
      }
    },
    "root": {
      "inputs": {
        "emacs-overlay": "emacs-overlay",
        "home-manager": "home-manager",
        "nixos-hardware": "nixos-hardware",
        "nixpkgs": "nixpkgs"
      }
    }
  },
  "root": "root",
  "version": 7
}
