{
  "nodes": {
    "emacs-overlay": {
      "locked": {
        "lastModified": 1625217780,
        "narHash": "sha256-uRRf7mlDbMtefWd78Q6u6XqDU/Y8J7KiNmc3P2AhVaI=",
        "owner": "nix-community",
        "repo": "emacs-overlay",
        "rev": "5e93dbe9a28b5c0b80f0aa360b8714bd7bb693b4",
        "type": "github"
      },
      "original": {
        "owner": "nix-community",
        "repo": "emacs-overlay",
        "type": "github"
      }
    },
    "flake-compat": {
      "flake": false,
      "locked": {
        "lastModified": 1606424373,
        "narHash": "sha256-oq8d4//CJOrVj+EcOaSXvMebvuTkmBJuT5tzlfewUnQ=",
        "owner": "edolstra",
        "repo": "flake-compat",
        "rev": "99f1c2157fba4bfe6211a321fd0ee43199025dbf",
        "type": "github"
      },
      "original": {
        "owner": "edolstra",
        "repo": "flake-compat",
        "type": "github"
      }
    },
    "flake-utils": {
      "inputs": {
        "flake-utils": "flake-utils_2"
      },
      "locked": {
        "lastModified": 1624737817,
        "narHash": "sha256-styqXE6Xli61dnDst0vB0Kb1tPt/aCuxOhTK0uGDCng=",
        "owner": "gytis-ivaskevicius",
        "repo": "flake-utils-plus",
        "rev": "6bf0d314fc5623d5d4b5240ee0bf0a3a270d717c",
        "type": "github"
      },
      "original": {
        "owner": "gytis-ivaskevicius",
        "ref": "staging",
        "repo": "flake-utils-plus",
        "type": "github"
      }
    },
    "flake-utils_2": {
      "locked": {
        "lastModified": 1623875721,
        "narHash": "sha256-A8BU7bjS5GirpAUv4QA+QnJ4CceLHkcXdRp4xITDB0s=",
        "owner": "numtide",
        "repo": "flake-utils",
        "rev": "f7e004a55b120c02ecb6219596820fcd32ca8772",
        "type": "github"
      },
      "original": {
        "owner": "numtide",
        "repo": "flake-utils",
        "type": "github"
      }
    },
    "flake-utils_3": {
      "locked": {
        "lastModified": 1610051610,
        "narHash": "sha256-U9rPz/usA1/Aohhk7Cmc2gBrEEKRzcW4nwPWMPwja4Y=",
        "owner": "numtide",
        "repo": "flake-utils",
        "rev": "3982c9903e93927c2164caa727cd3f6a0e6d14cc",
        "type": "github"
      },
      "original": {
        "owner": "numtide",
        "repo": "flake-utils",
        "type": "github"
      }
    },
    "home-manager": {
      "inputs": {
        "nixpkgs": [
          "nixpkgs"
        ]
      },
      "locked": {
        "lastModified": 1625162737,
        "narHash": "sha256-IzKTw2u/EKVr6TCQYylSAcOnrVRpir3wG3MUHj2LsTc=",
        "owner": "nix-community",
        "repo": "home-manager",
        "rev": "7df6656b113ce0d39c8b7d30915cafe046e1d64e",
        "type": "github"
      },
      "original": {
        "owner": "nix-community",
        "repo": "home-manager",
        "type": "github"
      }
    },
    "mozilla-overlay": {
      "flake": false,
      "locked": {
        "lastModified": 1622726979,
        "narHash": "sha256-JCBPZVQ4aGe3cmnQc1tjJRwaxqz1b60piQz+/F9CMtc=",
        "owner": "mozilla",
        "repo": "nixpkgs-mozilla",
        "rev": "3f3fba4e2066f28a1ad7ac60e86a688a92eb5b5f",
        "type": "github"
      },
      "original": {
        "owner": "mozilla",
        "repo": "nixpkgs-mozilla",
        "type": "github"
      }
    },
    "neovim-flake": {
      "inputs": {
        "flake-utils": "flake-utils_3",
        "nixpkgs": [
          "nixpkgs"
        ]
      },
      "locked": {
        "dir": "contrib",
        "lastModified": 1625193125,
        "narHash": "sha256-omT5l7McbUYmmDW+gZ1EaQZL1FH/9QwcR2mfpsvSOCo=",
        "owner": "neovim",
        "repo": "neovim",
        "rev": "7d8202087bed0a0baefb61557fcea15087fb01b3",
        "type": "github"
      },
      "original": {
        "dir": "contrib",
        "owner": "neovim",
        "repo": "neovim",
        "type": "github"
      }
    },
    "neovim-nightly-overlay": {
      "inputs": {
        "flake-compat": "flake-compat",
        "neovim-flake": "neovim-flake",
        "nixpkgs": "nixpkgs"
      },
      "locked": {
        "lastModified": 1625213536,
        "narHash": "sha256-B47JaFrocdyc3l7H+bDAxz3aP6ZNt7cOIimly6eht3E=",
        "owner": "nix-community",
        "repo": "neovim-nightly-overlay",
        "rev": "b96f993d9f96f3fbb2e6feeddc9be7b327c0d364",
        "type": "github"
      },
      "original": {
        "owner": "nix-community",
        "repo": "neovim-nightly-overlay",
        "type": "github"
      }
    },
    "nixos-hardware": {
      "locked": {
        "lastModified": 1625127528,
        "narHash": "sha256-NDD8BuY8UjAs7VfeiRck7JkpsUyUWJYg1/RqdEJ0PgE=",
        "owner": "nixos",
        "repo": "nixos-hardware",
        "rev": "eb889532fef2cb73071436842ae2ca0ed2d011aa",
        "type": "github"
      },
      "original": {
        "owner": "nixos",
        "repo": "nixos-hardware",
        "type": "github"
      }
    },
    "nixpkgs": {
      "locked": {
        "lastModified": 1624922035,
        "narHash": "sha256-OiIxJQuMRkICxaUwY3xMBbrPPu20de/n7tVYnWzLvS4=",
        "owner": "nixos",
        "repo": "nixpkgs",
        "rev": "3a8d7958a610cd3fec3a6f424480f91a1b259185",
        "type": "github"
      },
      "original": {
        "owner": "nixos",
        "ref": "nixos-unstable",
        "repo": "nixpkgs",
        "type": "github"
      }
    },
    "nixpkgs_2": {
      "locked": {
        "lastModified": 1625234119,
        "narHash": "sha256-G/F+B9+z6VaWWK2vewXm59PZ2lkUmDxxkf3ka6KMdlY=",
        "owner": "NixOS",
        "repo": "nixpkgs",
        "rev": "74f12354e687eac7510cee0f2c9e29559465e064",
        "type": "github"
      },
      "original": {
        "id": "nixpkgs",
        "ref": "master",
        "type": "indirect"
      }
    },
    "nur": {
      "locked": {
        "lastModified": 1625231804,
        "narHash": "sha256-qimr19k3G7uy4Sr+OXgHl4w4CnJ1ykrpLUUYzalilVQ=",
        "owner": "nix-community",
        "repo": "NUR",
        "rev": "d7fdf23eec6d5d1907b6977936da5088d9cd0332",
        "type": "github"
      },
      "original": {
        "owner": "nix-community",
        "repo": "NUR",
        "type": "github"
      }
    },
    "root": {
      "inputs": {
        "emacs-overlay": "emacs-overlay",
        "flake-utils": "flake-utils",
        "home-manager": "home-manager",
        "mozilla-overlay": "mozilla-overlay",
        "neovim-nightly-overlay": "neovim-nightly-overlay",
        "nixos-hardware": "nixos-hardware",
        "nixpkgs": "nixpkgs_2",
        "nur": "nur"
      }
    }
  },
  "root": "root",
  "version": 7
}
